
Microsoft Visual Studio Solution File, Format Version 12.00
# Visual Studio Version 17
VisualStudioVersion = 17.10.34928.147
MinimumVisualStudioVersion = 10.0.40219.1
Project("{FAE04EC0-301F-11D3-BF4B-00C04F79EFBC}") = "MinimalAPIsMoviesRick", "MinimalAPIsMoviesRick\MinimalAPIsMoviesRick.csproj", "{E01B3492-E328-4F5F-9257-6DF653E742BC}"
EndProject
Global
	GlobalSection(SolutionConfigurationPlatforms) = preSolution
		Debug|Any CPU = Debug|Any CPU
		Release|Any CPU = Release|Any CPU
	EndGlobalSection
	GlobalSection(ProjectConfigurationPlatforms) = postSolution
		{E01B3492-E328-4F5F-9257-6DF653E742BC}.Debug|Any CPU.ActiveCfg = Debug|Any CPU
		{E01B3492-E328-4F5F-9257-6DF653E742BC}.Debug|Any CPU.Build.0 = Debug|Any CPU
		{E01B3492-E328-4F5F-9257-6DF653E742BC}.Release|Any CPU.ActiveCfg = Release|Any CPU
		{E01B3492-E328-4F5F-9257-6DF653E742BC}.Release|Any CPU.Build.0 = Release|Any CPU
	EndGlobalSection
	GlobalSection(SolutionProperties) = preSolution
		HideSolutionNode = FALSE
	EndGlobalSection
	GlobalSection(ExtensibilityGlobals) = postSolution
		SolutionGuid = {803B1415-BA44-4BA6-B51F-84A2A4E12E73}
	EndGlobalSection
EndGlobal
